
Microsoft Visual Studio Solution File, Format Version 11.00
# Visual Studio 2010
Project("{FAE04EC0-301F-11D3-BF4B-00C04F79EFBC}") = "Vjezba_1", "Vjezba_1\Vjezba_1.csproj", "{B115DF32-4145-4F21-8D63-EF89FE763AA3}"
EndProject
Global
	GlobalSection(SolutionConfigurationPlatforms) = preSolution
		Debug|x86 = Debug|x86
		Release|x86 = Release|x86
	EndGlobalSection
	GlobalSection(ProjectConfigurationPlatforms) = postSolution
		{B115DF32-4145-4F21-8D63-EF89FE763AA3}.Debug|x86.ActiveCfg = Debug|x86
		{B115DF32-4145-4F21-8D63-EF89FE763AA3}.Debug|x86.Build.0 = Debug|x86
		{B115DF32-4145-4F21-8D63-EF89FE763AA3}.Release|x86.ActiveCfg = Release|x86
		{B115DF32-4145-4F21-8D63-EF89FE763AA3}.Release|x86.Build.0 = Release|x86
	EndGlobalSection
	GlobalSection(SolutionProperties) = preSolution
		HideSolutionNode = FALSE
	EndGlobalSection
EndGlobal
